# THIS IS AN AUTOGENERATED FILE. DO NOT EDIT THIS FILE DIRECTLY.
# yarn lockfile v1


prettier@1.10.1:
  version "1.10.1"
  resolved "https://registry.yarnpkg.com/prettier/-/prettier-1.10.1.tgz#01423fea6957ea23618d37d339ef0e7f7c967fc6"
  integrity sha512-lPTx4BsvN5v9w/JXBRNlvTXCJBKrr7VW4NOl1rdX00x+YuOLqNYAOGk2x7v+4PI4hx/SyW1Z3AEg9MeB87yYcQ==
